
Microsoft Visual Studio Solution File, Format Version 12.00
# Visual Studio 15
VisualStudioVersion = 15.0.27130.2027
MinimumVisualStudioVersion = 10.0.40219.1
Project("{FAE04EC0-301F-11D3-BF4B-00C04F79EFBC}") = "DPSWebApi", "DPSWebApi\DPSWebApi.csproj", "{32218280-25B4-4AD9-84D5-13D51685519B}"
EndProject
Global
	GlobalSection(SolutionConfigurationPlatforms) = preSolution
		Debug|Any CPU = Debug|Any CPU
		Release|Any CPU = Release|Any CPU
	EndGlobalSection
	GlobalSection(ProjectConfigurationPlatforms) = postSolution
		{32218280-25B4-4AD9-84D5-13D51685519B}.Debug|Any CPU.ActiveCfg = Debug|Any CPU
		{32218280-25B4-4AD9-84D5-13D51685519B}.Debug|Any CPU.Build.0 = Debug|Any CPU
		{32218280-25B4-4AD9-84D5-13D51685519B}.Release|Any CPU.ActiveCfg = Release|Any CPU
		{32218280-25B4-4AD9-84D5-13D51685519B}.Release|Any CPU.Build.0 = Release|Any CPU
	EndGlobalSection
	GlobalSection(SolutionProperties) = preSolution
		HideSolutionNode = FALSE
	EndGlobalSection
	GlobalSection(ExtensibilityGlobals) = postSolution
		SolutionGuid = {A1D0AB74-C222-4C52-87F5-F52FD2E68E1B}
	EndGlobalSection
EndGlobal
